
Microsoft Visual Studio Solution File, Format Version 12.00
# Visual Studio Version 17
VisualStudioVersion = 17.10.34928.147
MinimumVisualStudioVersion = 10.0.40219.1
Project("{FAE04EC0-301F-11D3-BF4B-00C04F79EFBC}") = "RestaurantReservation", "RestaurantReservation.csproj", "{5B402868-1786-4D16-A512-265A4AD6D570}"
EndProject
Project("{FAE04EC0-301F-11D3-BF4B-00C04F79EFBC}") = "RestaurantReservation.Db", "..\RestaurantReservation.Db\RestaurantReservation.Db.csproj", "{F7239090-B3FC-4E04-BD18-D2353EA88743}"
EndProject
Global
	GlobalSection(SolutionConfigurationPlatforms) = preSolution
		Debug|Any CPU = Debug|Any CPU
		Release|Any CPU = Release|Any CPU
	EndGlobalSection
	GlobalSection(ProjectConfigurationPlatforms) = postSolution
		{5B402868-1786-4D16-A512-265A4AD6D570}.Debug|Any CPU.ActiveCfg = Debug|Any CPU
		{5B402868-1786-4D16-A512-265A4AD6D570}.Debug|Any CPU.Build.0 = Debug|Any CPU
		{5B402868-1786-4D16-A512-265A4AD6D570}.Release|Any CPU.ActiveCfg = Release|Any CPU
		{5B402868-1786-4D16-A512-265A4AD6D570}.Release|Any CPU.Build.0 = Release|Any CPU
		{F7239090-B3FC-4E04-BD18-D2353EA88743}.Debug|Any CPU.ActiveCfg = Debug|Any CPU
		{F7239090-B3FC-4E04-BD18-D2353EA88743}.Debug|Any CPU.Build.0 = Debug|Any CPU
		{F7239090-B3FC-4E04-BD18-D2353EA88743}.Release|Any CPU.ActiveCfg = Release|Any CPU
		{F7239090-B3FC-4E04-BD18-D2353EA88743}.Release|Any CPU.Build.0 = Release|Any CPU
	EndGlobalSection
	GlobalSection(SolutionProperties) = preSolution
		HideSolutionNode = FALSE
	EndGlobalSection
	GlobalSection(ExtensibilityGlobals) = postSolution
		SolutionGuid = {272263C2-EC3F-48B2-926F-2473BA2B8B80}
	EndGlobalSection
EndGlobal
